
Microsoft Visual Studio Solution File, Format Version 12.00
# Visual Studio Version 16
VisualStudioVersion = 16.0.31402.337
MinimumVisualStudioVersion = 10.0.40219.1
Project("{FAE04EC0-301F-11D3-BF4B-00C04F79EFBC}") = "GS1-128 Helper", "GS1-128 Helper\GS1-128 Helper.csproj", "{4A1B8008-648A-4FD5-89F7-233C96FB82E6}"
EndProject
Project("{FAE04EC0-301F-11D3-BF4B-00C04F79EFBC}") = "GS1128Helper TEST", "GS1128Helper TEST\GS1128Helper TEST.csproj", "{B4E87B01-C078-43A8-9686-EEFCC5AD3719}"
EndProject
Global
	GlobalSection(SolutionConfigurationPlatforms) = preSolution
		Debug|Any CPU = Debug|Any CPU
		Release|Any CPU = Release|Any CPU
	EndGlobalSection
	GlobalSection(ProjectConfigurationPlatforms) = postSolution
		{4A1B8008-648A-4FD5-89F7-233C96FB82E6}.Debug|Any CPU.ActiveCfg = Debug|Any CPU
		{4A1B8008-648A-4FD5-89F7-233C96FB82E6}.Debug|Any CPU.Build.0 = Debug|Any CPU
		{4A1B8008-648A-4FD5-89F7-233C96FB82E6}.Release|Any CPU.ActiveCfg = Release|Any CPU
		{4A1B8008-648A-4FD5-89F7-233C96FB82E6}.Release|Any CPU.Build.0 = Release|Any CPU
		{B4E87B01-C078-43A8-9686-EEFCC5AD3719}.Debug|Any CPU.ActiveCfg = Debug|Any CPU
		{B4E87B01-C078-43A8-9686-EEFCC5AD3719}.Debug|Any CPU.Build.0 = Debug|Any CPU
		{B4E87B01-C078-43A8-9686-EEFCC5AD3719}.Release|Any CPU.ActiveCfg = Release|Any CPU
		{B4E87B01-C078-43A8-9686-EEFCC5AD3719}.Release|Any CPU.Build.0 = Release|Any CPU
	EndGlobalSection
	GlobalSection(SolutionProperties) = preSolution
		HideSolutionNode = FALSE
	EndGlobalSection
	GlobalSection(ExtensibilityGlobals) = postSolution
		SolutionGuid = {D5E7E9A1-67F7-4720-AD06-31872C25B1F3}
	EndGlobalSection
EndGlobal
